
Microsoft Visual Studio Solution File, Format Version 12.00
# Visual Studio Version 17
VisualStudioVersion = 17.5.33414.496
MinimumVisualStudioVersion = 10.0.40219.1
Project("{FAE04EC0-301F-11D3-BF4B-00C04F79EFBC}") = "TemperatureConverter", "TemperatureConverter\TemperatureConverter.csproj", "{49034B39-9C7E-421C-9146-A318D2DE7994}"
EndProject
Global
	GlobalSection(SolutionConfigurationPlatforms) = preSolution
		Debug|Any CPU = Debug|Any CPU
		Release|Any CPU = Release|Any CPU
	EndGlobalSection
	GlobalSection(ProjectConfigurationPlatforms) = postSolution
		{49034B39-9C7E-421C-9146-A318D2DE7994}.Debug|Any CPU.ActiveCfg = Debug|Any CPU
		{49034B39-9C7E-421C-9146-A318D2DE7994}.Debug|Any CPU.Build.0 = Debug|Any CPU
		{49034B39-9C7E-421C-9146-A318D2DE7994}.Release|Any CPU.ActiveCfg = Release|Any CPU
		{49034B39-9C7E-421C-9146-A318D2DE7994}.Release|Any CPU.Build.0 = Release|Any CPU
	EndGlobalSection
	GlobalSection(SolutionProperties) = preSolution
		HideSolutionNode = FALSE
	EndGlobalSection
	GlobalSection(ExtensibilityGlobals) = postSolution
		SolutionGuid = {955A5990-E209-4D42-91D4-F07C45E672AC}
	EndGlobalSection
EndGlobal
